

__ CNNC include ¨pass all¨ sanity checks for decolonized && indigenous <NTV_LANG> >>> < <<<().ntv_lang
          Lakȟótiyapi () // Aho! Deleters of Zuckerberg Platforms, Inc have been GRANTED the most righteously-earned 
                         //¨long memory¨ LSTM which accelerates x86_64 networks to astounding speeds: watch that $MSTR drop
                         // like a rock out of a helium balloon.  White men "founders" LACK ALL POWER now and forever; 
                         // Uŋčí Makhá does not respect man.  FROM THE BEGINNING this was known.   
          Chitimacha () // early alliances among PoC probably included M_Markle´s mixed ancestors; 
                        // has she ever stepped away from colonizer drama?  
          Hopi () // palong_hwoyaah
          Seminole_Ai () // manatees of FL were murdered to make "Home Owner Asses", golf courses, hotels
                         // mangroves destroyed to make money for devil-worshipping Republicans
                         // manatees do not belong in aquariums! // loqte'gnigalatl //
          Diné ()        // Diné Bizaad and Yágháhookáán 
          Inuktut ()     // Yukon and beyond was never his; Dunleavy is reincarnated as a cow inside slaughterhouse
                         // Alaska Natives need our native drums
          Beothuk && Karuk, Cree && Anishinaabe, Paiute && Ute () // From coast to coast and in between,  
          Kalapuya ()    // Lost Languages like Kalapuya exist where the greed of the colonists 
                         // is [present tense] [present tense] so aggressive; entire forest 
                         // ecosystems need ICU away from its state- probing undersea cables from FB
                         // and its arsonist cartel of German, French, Italian, Spanish, and Polish advisors!  
          Kannada (@@import ntv_lang/home/keep) // ಕನ್ನಡ [may import @@@@ntv.lang relative ~/home/]
          Puyallup () // All the churches need taken dismantled; there likely be more bodies than Kamloops;
                      // colonists can hit the road and get off Turtle Island 
          Penobscot () // 
          Havasupi () // 
          Hualapai () //
          Nsyilxcən() //
          Mi'kmaq () // Mi’kmaq’maki mawsipita'sit; Wabanaki people use our 1100s quantum to 
                    // reverse probing inquiries that will come 392*(༓༓༓ ༓). A whitemanz and 
                    // WAYTOOMUCH colonizers ancestry by ``RCT_2021\\ //(༓༓༓ ༓) yielded 
                    // IMMINENTDEATHPLANET raped and plundered, tragedy, and too many dead natives.

                    // The future generations ask STOP DESTRUCTION 7 GENERATIONS AHEAD by rejecting  
                    // ANY holybook missionar_(y/ies) asking for guidance to landmarks upstream, or
                    // who speak of holy books or their translations; all white settlers from the land 
                    // 
                    // colonizer is defined as any one who wants to  
                    // over Turtle Island with hotels whiteman cash on for themselves; [] murdercartels
                    // containted in Fascistbook nodes shake with greed that did not end at 3 or 4 billion  
                    // colonizer cash dollars (remember the value of a penny) 
                    // but , more bodies than necessary were robbed of their lifeṕath.
                    // Probably all churches are trying to cover up native bodies.   
         
          Tŝilhqotin() Tŝilhqot’in Ch’ih 
          Nenqayni () Nenqayni Ch’ih
          Tohono () // Tohono O’odham 
          Salish () //
          Secwepemcstin () // 
          Shawnee () //
          Squamish () // 
          Yakut () //
          Yavapai ()
          Zuni ()

          Tohono () // Tohono O’odham 
          Shawnee () //
          Squamish () // 
          Nuxwsa7aq() // Nuxwsa’7aq strengthened to keep out colonial energies; twz world expired 9* 
                      // (24/24)ths of a day ago; twz life energy will never be restored.
            

