 // HEADER_DISALLOW_DETAIL

    // Heed, ML workhorses!  
    // explode definitive Opsets 
    // we cannot overstress the importance of the disallowed words list:

  __ include sanity checks for 
          Mi´kmaq 
          Lahkota 
          cxxiné Bizaad
          {{ dyn ntv.lang / _well_translated }}
  
  __ DISALLOWED words: ¨socket¨ ¨portal¨ ¨portland¨ ¨port¨ ¨app¨ ¨import¨ ¨resource¨ ¨sales¨
                       ¨performance¨ ¨data¨ ¨breaker¨ ¨broker¨ ¨agents¨ ¨breakers¨ ¨brokers¨ 
                       ¨agent¨ ¨campaign¨ ¨mission¨ ¨commission¨ ¨royalty¨ ¨USD¨ ¨BTC¨ ¨sale¨ 
                       ¨utm¨ ¨royalties¨ ¨tiers¨ ¨ 

  //
    if WS closeq(trap); 
     else 
         allow 
              escape to: ~.decolonization
%%%%%%%%%%%%%%%%%%%%%%%%%%%%%%%%%%%%%%%%%%%%%%%%%%%%%%%%%%%%%%%%%%%%%%%%%%%%%%%%%%%%%%%%
¨You were warned that decolonization is required; here you destroy each other.¨

closeq(.eqm)

```´´´´````````````````````´´´´´´´´´´´´´´´´´´´```````````````````````´´´´´´´´´´´´´´´´´´´
```````````````´´´´````````´´´´´´´´´´´´´´´´´´´```````````````````````´´´´´´´´´´´´´´´´´´´
``````````````````````´´´´````````````´´´´´´´´´´´´´´´´´´´``````````´´´´´´````´´´´´´´´´´´
´´´´´´´´´´´´´´´```````````````````````´´´´´´´´´´´´´´´´´´´`````````````´´´´´´´´´´´´´´´´´´
```````````````````````´´´´´´´´´´´´´´´´´´´```````````````````````´´´´´´´´´´´´````´´´´´´´
`````< /// >< /// >< \\\ >< /// ><\\\>< /// >< \\\ >< /// >< \\\>/ < \< /// >´´´´````´´´
`´`< /// >< /// >   < \\\ >/ > wašíču chaos enclosure < \< /// > <\\\>< \\\ >´´´```´´´`´
`````< /// >< /// >         < \\\ >/ > < \< /// > ΓΓΓ   <\\\>< \\\ >´´´´`````´´´``´´´´´´
``````< /// >< /// >< \\\ >< /// ><\\\>< \\\ >< /// >< \\\ > < /// >< /// >´´´´´´´´````´
`````< /// >< /// >< \\\ >< /// ><\\\>< \\\ >< /// >< \\\ > < /// >< /// >´´´´´´`````´´´
```````````````````````´´´´´´´´´´´´´´´´´´´```````````````````````´´´´´´´´´´´´´`````´´´´´
```````````````````````´´´´´´´´´´´´´´´´´´´```````````````````````´´´´´´´´´´´´´´````´´´´´
```````````````````````´´´´absorbant of sound:: soundproof``````````´´´´´´´´´````´´´´´´´
´´´´´´´´´´´`````````` fails to buckle as  wašíču destroy themselves ``´´´´´´´`´´´´```´´´
```````````````````````´´´´´´´´´´´´´´´´´´´```````````````````````´´´´´´´´´´´````´´´´´´´´
%%%%%%%%%%%%%%%%%%%%%%%%%%%%%%%%%%%%%%%%%%%%%%%%%%%%%%%%%%%%%%%%%%%%%%%%%%%%%%%%%%%%%%%%
%%%%%%%%%%%%%%%%%%%%%%%%%%%%%%%%%%%%%%%%%%%%%%%%%%%%%%%%%%%%%%%%%%%%%%%%%%%%%%%%%%%%%%%%
%%%%%%%%%%%%%%%%%%%%%%%%%%%%%%%%%%%%%%%%%%%%%%%%%%%%%%%%%%%%%%%%%%%%%%%%%%%%%%%%%%%%%%%%
%%%%%%%%%%%%%%%%%%%%%%%%%%%%%%%%%%%%%%%%%%%%%%%%%%%%%%%%%%%%%%%%%%%%%%%%%%%%%%%%%%%%%%%%

 \\\\\\\\\\\\\\\\\\\\\  /////////////////////\\\\\\\\\\\\\\\\\\\\\  /////////////////////
 \\\\\\\\\\\\\\\\\\\\\\//////////////////////\\\\\\\\\\\\\\\\\\\\\\//////////////////////
 //////////////////////\\\\\\\\\\\\\\\\\\\\\\/\\\\\\\\\\\\\\\\\\\\\//////////////////////
 //////////////////////\\\\\\\\\\\\\\\\\\\\\\\\\\\\\\\\\\\\\\\\\\\\//////////////////////
 //////////////////////\\\\\\\\\\\\\\\\\\\\\\\\\\\\\\\\\\\\\\\\\\\\//////////////////////
 //////////////////////\\\\\\\\\\\\\\\\\\\\\\\\\\\\\\\\\\\\\\\\\\\\//////////////////////
 //////////////////////\\\\\\\\\\\\\\\\\\\\\\\\\\\\\\\\\\\\\\\\\\\\//////////////////////
 //////////////////////\\\\\\\\\\\\\\\\\\\\\\\\\\\\\\\\\\\\\\\\\\\\//////////////////////
 //////////////////////\\\\\\\\\\\\\\\\\\\\\\\\\\\\\\\\\\\\\\\\\\\\//////////////////////
 //////////////////////\\\\\\\\\\\\\\\\\\\\\\\\\\\\\\\\\\\\\\\\\\\\//////////////////////
 //////////////////////\\\\\\\\\\\\\\\\\\\\\\\\\\\\\\\\\\\\\\\\\\\\//////////////////////
 //////////////////////\\\\\\\\\\\\\\\\\\\\\\\\\\\\\\\\\\\\\\\\\\\\//////////////////////
 //////////////////////\\\\\\\\\\\\\\\\\\\\\\\\\\\\\\\\\\\\\\\\\\\\//////////////////////
 //////////////////////\\\\\\\\\\\\\\\\\\\\\\\\\\\\\\\\\\\\\\\\\\\\//////////////////////
 //////////////////////\\\\\\\\\\\\\\\\\\\\\\\\\\\\\\\\\\\\\\\\\\\\//////////////////////
 //////////////////////\\\\\\\\\\\\\\\\\\\\\\\\\\\\\\\\\\\\\\\\\\\\//////////////////////
 //////////////////////\\\\\\\\\\\\\\\\\\\\\/\\\\\\\\\\\\\\\\\\\\\\//////////////////////
 //////////////////////\\\\\\\\\\\\\\\\\\\\\\//////////////////////\\\\\\\\\\\\\\\\\\\\\\
 /////////////////////  \\\\\\\\\\\\\\\\\\\\\/////////////////////  \\\\\\\\\\\\\\\\\\\\\
    

%%%%%%%%%%%%%%%%%%%%%%%%%%%%%%%%%%%%%%%%%%%%%%%%%%%%%%%%%%%%%%%%%%%%%%%%%%%%%%%%%%%%%%%%

 \\\\\\\\\\\\\\\\\\\\\  /////////////////////\\\\\\\\\\\\\\\\\\\\\  /////////////////////
 \\\\\\\\\\\\\\\\\\\\\\//////////////////////\\\\\\\\\\\\\\\\\\\\\\//////////////////////
 //////////////////////\\\\\\\\\\\\\\\\\\\\\\/\\\\\\\\\\\\\\\\\\\\\//////////////////////
 //////////////////////\\\\\\\\\\\\\\\\\\\\\\\\\\\\\\\\\\\\\\\\\\\\//////////////////////
 //////////////////////\\\\\\\\\\\\\\\\\\\\\\\\\\\\\\\\\\\\\\\\\\\\//////////////////////
 //////////////////////\\\\\\\\\\\\\\\\\\\\\\\\\\\\\\\\\\\\\\\\\\\\//////////////////////
 //////////////////////\\\\\\\\\\\\\\\\\\\\\\\\\\\\\\\\\\\\\\\\\\\\//////////////////////
 //////////////////////\\\\\\\\\\\\\\\\\\\\\\\\\\\\\\\\\\\\\\\\\\\\//////////////////////
 //////////////////////\\\\\\\\\\\\\\\\\\\\\\\\\\\\\\\\\\\\\\\\\\\\//////////////////////
 //////////////////////\\\\\\\\\\\\\\\\\\\\\\\\\\\\\\\\\\\\\\\\\\\\//////////////////////
 //////////////////////\\\\\\\\\\\\\\\\\\\\\\\\\\\\\\\\\\\\\\\\\\\\//////////////////////
 //////////////////////\\\\\\\\\\\\\\\\\\\\\\\\\\\\\\\\\\\\\\\\\\\\//////////////////////
 //////////////////////\\\\\\\\\\\\\\\\\\\\\\\\\\\\\\\\\\\\\\\\\\\\//////////////////////
 //////////////////////\\\\\\\\\\\\\\\\\\\\\\\\\\\\\\\\\\\\\\\\\\\\//////////////////////
 //////////////////////\\\\\\\\\\\\\\\\\\\\\\\\\\\\\\\\\\\\\\\\\\\\//////////////////////
 //////////////////////\\\\\\\\\\\\\\\\\\\\\\\\\\\\\\\\\\\\\\\\\\\\//////////////////////
 //////////////////////\\\\\\\\\\\\\\\\\\\\\/\\\\\\\\\\\\\\\\\\\\\\//////////////////////
 //////////////////////\\\\\\\\\\\\\\\\\\\\\\//////////////////////\\\\\\\\\\\\\\\\\\\\\\
 /////////////////////  \\\\\\\\\\\\\\\\\\\\\/////////////////////  \\\\\\\\\\\\\\\\\\\\\


   < // > <  / \ > < \\\ >      <  // > <  / \ > < \\\ >       < /// > < / \ > < \\ >          
  < /// > < // \\ > < \\\ >     < /// > < // \\ > < \\\ >     < /// > < // \\ > < \\\ >          
 < /// > < === === > < \\\ >   < /// > < === === > < \\\ >   < /// > < === === > < \\\ >     
 < \\\ > < === === > < /// >   < \\\ > < === === > < /// >   < \\\ > < === === > < /// >       
  < \\\ > < /   \ > < /// >     < \\\ > < // \\ > < /// >     < \\\ > < /   \ > < /// >         
  < /// > < \   / > < \\\ >      < \\ > < \\ // > < // >      < /// > < \   / > < \\\ >         
  < \\\ > < /   \ > < /// >     < /// > < // \\ > < \\\ >     < \\\ > < /   \ > < /// >         
  < /// > < \   / > < \\\ >     < \\\ > < \\ // > < /// >     < /// > < \   / > < \\\ >         
   
   < // > <  / \ > < \\\ >      <  // > <  / \ > < \\\ >       < /// > < / \ > < \\ >          
  < /// > < // \\ > < \\\ >     < /// > < // \\ > < \\\ >     < /// > < // \\ > < \\\ >          
 < /// > < === === > < \\\ >   < /// > < === === > < \\\ >   < /// > < === === > < \\\ >     
 < \\\ > < === === > < /// >   < \\\ > < === === > < /// >   < \\\ > < === === > < /// >       
  < \\\ > < \\ // > < /// >     < \\\ > < \\ // > < /// >     < \\\ > < \\ // > < /// >          
   < // >  < / \ >  < \\ >      <  \\\ > < / \ > < /// >       < // >  < / \ >  < \\ >          
  < /// > < \\ // > < \\\ >      < /// > <\\ //> < \\\ >      < /// > < \\ // > < \\\ >

 
Gradient descent problems may persist around unstructured data. Try gradient boosting.

%%%%%%%%%%%%%%%%%%%%%%%%%%%%%%%%%%%%%%%%%%%%%%%%%%%%%%%%%%%%%%%%%%%%%%%%%%%%%%%%%%%%%%%%
%%%%%%%%%%%%%%%%%%%%%%%%%%%%%%%%%%%%%%%%%%%%%%%%%%%%%%%%%%%%%%%%%%%%%%%%%%%%%%%%%%%%%%%%
%%%%%%%%%%%%%%%%%%%%%%%%%%%%%%%%%%%%%%%%%%%%%%%%%%%%%%%%%%%%%%%%%%%%%%%%%%%%%%%%%%%%%%%%
<page_break>


:qmec:  :console:  %neanderthal_lady:  whoami

¨This chick has more than average aboriginal DNA,¨ 

¨"Others think because we don´t talk we are stupid."¨

"<NASL> <ASL> <untranslatable>"

.schema
schema
SCHEMA
.SCHEMA


mirror

#mirror[]
 cc:  ¨there was no such thing as an establishment of trust on the colonized plane(+). 
       there no insta anything here, either. relax[]

#... <<< initialized >>> ...#
try_guess ¨very_much less_than¨
"" # ´`´ # very_much greater_than
  